
Microsoft Visual Studio Solution File, Format Version 12.00
# Visual Studio Version 16
VisualStudioVersion = 16.0.30104.148
MinimumVisualStudioVersion = 10.0.40219.1
Project("{FAE04EC0-301F-11D3-BF4B-00C04F79EFBC}") = "mp-ecommerce", "mp-ecommerce\mp-ecommerce.csproj", "{633D49CA-A1C4-47ED-B813-4CBDFD561163}"
EndProject
Global
	GlobalSection(SolutionConfigurationPlatforms) = preSolution
		Debug|Any CPU = Debug|Any CPU
		Release|Any CPU = Release|Any CPU
	EndGlobalSection
	GlobalSection(ProjectConfigurationPlatforms) = postSolution
		{633D49CA-A1C4-47ED-B813-4CBDFD561163}.Debug|Any CPU.ActiveCfg = Debug|Any CPU
		{633D49CA-A1C4-47ED-B813-4CBDFD561163}.Debug|Any CPU.Build.0 = Debug|Any CPU
		{633D49CA-A1C4-47ED-B813-4CBDFD561163}.Release|Any CPU.ActiveCfg = Release|Any CPU
		{633D49CA-A1C4-47ED-B813-4CBDFD561163}.Release|Any CPU.Build.0 = Release|Any CPU
	EndGlobalSection
	GlobalSection(SolutionProperties) = preSolution
		HideSolutionNode = FALSE
	EndGlobalSection
	GlobalSection(ExtensibilityGlobals) = postSolution
		SolutionGuid = {0231BC64-2A41-4F5C-B70D-924DB9BE236A}
	EndGlobalSection
EndGlobal
